PODS:
  - Kingfisher (5.13.0):
    - Kingfisher/Core (= 5.13.0)
  - Kingfisher/Core (5.13.0)

DEPENDENCIES:
  - Kingfisher

SPEC REPOS:
  trunk:
    - Kingfisher

SPEC CHECKSUMS:
  Kingfisher: 0d334cada987fcddbe9b5cec516406e1ee9d4748

PODFILE CHECKSUM: 2164cd0d30bd407bb566c2fea007dcd43c79fb4c

COCOAPODS: 1.8.4
